
Microsoft Visual Studio Solution File, Format Version 11.00
# Visual Studio 2010
Project("{FAE04EC0-301F-11D3-BF4B-00C04F79EFBC}") = "Birthday", "Assembly-CSharp.csproj", "{2E0AA313-5AC1-B7FB-F953-445F347B45CC}"
EndProject
Project("{FAE04EC0-301F-11D3-BF4B-00C04F79EFBC}") = "Birthday", "Assembly-CSharp-Editor.csproj", "{C531B743-B39E-BD80-C22F-DA50FEF861A7}"
EndProject
Global
	GlobalSection(SolutionConfigurationPlatforms) = preSolution
		Debug|Any CPU = Debug|Any CPU
		Release|Any CPU = Release|Any CPU
	EndGlobalSection
	GlobalSection(ProjectConfigurationPlatforms) = postSolution
		{2E0AA313-5AC1-B7FB-F953-445F347B45CC}.Debug|Any CPU.ActiveCfg = Debug|Any CPU
		{2E0AA313-5AC1-B7FB-F953-445F347B45CC}.Debug|Any CPU.Build.0 = Debug|Any CPU
		{2E0AA313-5AC1-B7FB-F953-445F347B45CC}.Release|Any CPU.ActiveCfg = Release|Any CPU
		{2E0AA313-5AC1-B7FB-F953-445F347B45CC}.Release|Any CPU.Build.0 = Release|Any CPU
		{C531B743-B39E-BD80-C22F-DA50FEF861A7}.Debug|Any CPU.ActiveCfg = Debug|Any CPU
		{C531B743-B39E-BD80-C22F-DA50FEF861A7}.Debug|Any CPU.Build.0 = Debug|Any CPU
		{C531B743-B39E-BD80-C22F-DA50FEF861A7}.Release|Any CPU.ActiveCfg = Release|Any CPU
		{C531B743-B39E-BD80-C22F-DA50FEF861A7}.Release|Any CPU.Build.0 = Release|Any CPU
	EndGlobalSection
	GlobalSection(SolutionProperties) = preSolution
		HideSolutionNode = FALSE
	EndGlobalSection
	GlobalSection(MonoDevelopProperties) = preSolution
		StartupItem = Assembly-CSharp.csproj
	EndGlobalSection
EndGlobal
