
Microsoft Visual Studio Solution File, Format Version 11.00
# Visual Studio 2010
Project("{FAE04EC0-301F-11D3-BF4B-00C04F79EFBC}") = "Assembly-CSharp", "Assembly-CSharp.csproj", "{0E8DAE62-2160-E2CB-567B-44C6EF6AE25B}"
EndProject
Project("{FAE04EC0-301F-11D3-BF4B-00C04F79EFBC}") = "Assembly-CSharp-Editor", "Assembly-CSharp-Editor.csproj", "{5BB0F12F-E108-54F7-7342-EFABECEA0533}"
EndProject
Global
	GlobalSection(SolutionConfigurationPlatforms) = preSolution
		Debug|Any CPU = Debug|Any CPU
		Release|Any CPU = Release|Any CPU
	EndGlobalSection
	GlobalSection(ProjectConfigurationPlatforms) = postSolution
		{0E8DAE62-2160-E2CB-567B-44C6EF6AE25B}.Debug|Any CPU.ActiveCfg = Debug|Any CPU
		{0E8DAE62-2160-E2CB-567B-44C6EF6AE25B}.Debug|Any CPU.Build.0 = Debug|Any CPU
		{0E8DAE62-2160-E2CB-567B-44C6EF6AE25B}.Release|Any CPU.ActiveCfg = Release|Any CPU
		{0E8DAE62-2160-E2CB-567B-44C6EF6AE25B}.Release|Any CPU.Build.0 = Release|Any CPU
		{5BB0F12F-E108-54F7-7342-EFABECEA0533}.Debug|Any CPU.ActiveCfg = Debug|Any CPU
		{5BB0F12F-E108-54F7-7342-EFABECEA0533}.Debug|Any CPU.Build.0 = Debug|Any CPU
		{5BB0F12F-E108-54F7-7342-EFABECEA0533}.Release|Any CPU.ActiveCfg = Release|Any CPU
		{5BB0F12F-E108-54F7-7342-EFABECEA0533}.Release|Any CPU.Build.0 = Release|Any CPU
	EndGlobalSection
	GlobalSection(SolutionProperties) = preSolution
		HideSolutionNode = FALSE
	EndGlobalSection
EndGlobal
