
Microsoft Visual Studio Solution File, Format Version 11.00
# Visual Studio 2010
Project("{FAE04EC0-301F-11D3-BF4B-00C04F79EFBC}") = "UnityEngine.UI", "UnityEngine.UI.csproj", "{9c2320cc-10c5-7ce5-6c81-57ac65c020e5}"
EndProject
Project("{FAE04EC0-301F-11D3-BF4B-00C04F79EFBC}") = "UnityEngine.TestRunner", "UnityEngine.TestRunner.csproj", "{446c6d74-7dba-a993-d620-a930fd21a6b2}"
EndProject
Project("{FAE04EC0-301F-11D3-BF4B-00C04F79EFBC}") = "UnityEngine.XR.LegacyInputHelpers", "UnityEngine.XR.LegacyInputHelpers.csproj", "{cd922189-a390-42e9-8b10-a2af5d7d247c}"
EndProject
Project("{FAE04EC0-301F-11D3-BF4B-00C04F79EFBC}") = "com.unity.multiplayer-hlapi.Runtime", "com.unity.multiplayer-hlapi.Runtime.csproj", "{343f74e9-67db-82b4-1133-4e6cee0e5146}"
EndProject
Project("{FAE04EC0-301F-11D3-BF4B-00C04F79EFBC}") = "UnityEngine.Monetization", "UnityEngine.Monetization.csproj", "{d0bee0ab-e1b1-5a58-708e-3972d05a5388}"
EndProject
Project("{FAE04EC0-301F-11D3-BF4B-00C04F79EFBC}") = "Assembly-CSharp", "Assembly-CSharp.csproj", "{4c5a5ad9-601e-375a-f900-19f6d5c7b4de}"
EndProject
Project("{FAE04EC0-301F-11D3-BF4B-00C04F79EFBC}") = "UnityEngine.Advertisements", "UnityEngine.Advertisements.csproj", "{8c874dd3-fb83-57af-5242-51e107ce920c}"
EndProject
Project("{FAE04EC0-301F-11D3-BF4B-00C04F79EFBC}") = "Unity.TextMeshPro", "Unity.TextMeshPro.csproj", "{ad2c9f9f-c79d-2f1e-c49d-166f08384baf}"
EndProject
Project("{FAE04EC0-301F-11D3-BF4B-00C04F79EFBC}") = "Unity.2D.PixelPerfect", "Unity.2D.PixelPerfect.csproj", "{6259c58d-bbb0-d2ad-bfa5-18ea731f7547}"
EndProject
Project("{FAE04EC0-301F-11D3-BF4B-00C04F79EFBC}") = "UnityEngine.Purchasing", "UnityEngine.Purchasing.csproj", "{78957865-a878-9ac4-c6f1-0ff36cdbbb72}"
EndProject
Project("{FAE04EC0-301F-11D3-BF4B-00C04F79EFBC}") = "Assembly-CSharp-firstpass", "Assembly-CSharp-firstpass.csproj", "{32af6db4-81a8-92f6-241f-98d8870fd8e4}"
EndProject
Project("{FAE04EC0-301F-11D3-BF4B-00C04F79EFBC}") = "UnityEngine.SpatialTracking", "UnityEngine.SpatialTracking.csproj", "{b960141c-a8fd-13da-4211-ceb9fb0d3274}"
EndProject
Project("{FAE04EC0-301F-11D3-BF4B-00C04F79EFBC}") = "Unity.Analytics.DataPrivacy", "Unity.Analytics.DataPrivacy.csproj", "{87a1f2f8-85cb-4755-2ead-bc260e0fb6a6}"
EndProject
Project("{FAE04EC0-301F-11D3-BF4B-00C04F79EFBC}") = "UnityEditor.TestRunner", "UnityEditor.TestRunner.csproj", "{8ad8705c-5e7d-825b-b7f5-0ef976bf6281}"
EndProject
Project("{FAE04EC0-301F-11D3-BF4B-00C04F79EFBC}") = "UnityEditor.UI", "UnityEditor.UI.csproj", "{f85ed1be-45ca-eff5-61fc-8ca9e21754a1}"
EndProject
Project("{FAE04EC0-301F-11D3-BF4B-00C04F79EFBC}") = "Unity.VisualStudio.Editor", "Unity.VisualStudio.Editor.csproj", "{4393c5a2-39ee-ce07-da70-1fe767a6b08a}"
EndProject
Project("{FAE04EC0-301F-11D3-BF4B-00C04F79EFBC}") = "UnityEngine.Advertisements.Editor", "UnityEngine.Advertisements.Editor.csproj", "{25edaac1-90ee-4b99-8b74-d449fa0103e4}"
EndProject
Project("{FAE04EC0-301F-11D3-BF4B-00C04F79EFBC}") = "Unity.TextMeshPro.Editor", "Unity.TextMeshPro.Editor.csproj", "{97c5b88b-e207-b10a-f269-cfb8177d9a17}"
EndProject
Project("{FAE04EC0-301F-11D3-BF4B-00C04F79EFBC}") = "Unity.CollabProxy.Editor", "Unity.CollabProxy.Editor.csproj", "{085fbcb7-fc3e-bae3-103e-72aed105dee0}"
EndProject
Project("{FAE04EC0-301F-11D3-BF4B-00C04F79EFBC}") = "UnityEditor.XR.LegacyInputHelpers", "UnityEditor.XR.LegacyInputHelpers.csproj", "{28305401-f15f-a321-7176-d17af207ca5f}"
EndProject
Project("{FAE04EC0-301F-11D3-BF4B-00C04F79EFBC}") = "com.unity.multiplayer-weaver.Editor", "com.unity.multiplayer-weaver.Editor.csproj", "{ef0ff1cf-f261-b146-7d9c-7e44594c265b}"
EndProject
Project("{FAE04EC0-301F-11D3-BF4B-00C04F79EFBC}") = "com.unity.multiplayer-hlapi.Editor", "com.unity.multiplayer-hlapi.Editor.csproj", "{a578557d-0f97-8947-ec00-6e98849033fc}"
EndProject
Project("{FAE04EC0-301F-11D3-BF4B-00C04F79EFBC}") = "Unity.2D.Tilemap.Editor", "Unity.2D.Tilemap.Editor.csproj", "{ffff66cf-9cb8-cd0b-854f-3a5226124a20}"
EndProject
Project("{FAE04EC0-301F-11D3-BF4B-00C04F79EFBC}") = "Unity.VSCode.Editor", "Unity.VSCode.Editor.csproj", "{171ac9e2-0d23-fa78-ff0b-aec7389025e1}"
EndProject
Project("{FAE04EC0-301F-11D3-BF4B-00C04F79EFBC}") = "Unity.Rider.Editor", "Unity.Rider.Editor.csproj", "{b96cacf3-3be7-1566-4a54-f191aa911cb0}"
EndProject
Project("{FAE04EC0-301F-11D3-BF4B-00C04F79EFBC}") = "Unity.2D.Sprite.Editor", "Unity.2D.Sprite.Editor.csproj", "{deaa69ad-b1db-22c5-c637-9907e93e76bc}"
EndProject
Project("{FAE04EC0-301F-11D3-BF4B-00C04F79EFBC}") = "Unity.SysrootPackage.Editor", "Unity.SysrootPackage.Editor.csproj", "{c198eb71-fa16-2a2b-04a2-e3abb6c14af5}"
EndProject
Project("{FAE04EC0-301F-11D3-BF4B-00C04F79EFBC}") = "Unity.2D.PixelPerfect.Editor", "Unity.2D.PixelPerfect.Editor.csproj", "{fddb65b1-c557-709c-d075-e1573393c59f}"
EndProject
Project("{FAE04EC0-301F-11D3-BF4B-00C04F79EFBC}") = "UnityEditor.Purchasing", "UnityEditor.Purchasing.csproj", "{dcdfb870-cd01-bf1b-2415-a73c75860970}"
EndProject
Project("{FAE04EC0-301F-11D3-BF4B-00C04F79EFBC}") = "Unity.Toolchain.Macos-x86_64-Linux-x86_64", "Unity.Toolchain.Macos-x86_64-Linux-x86_64.csproj", "{43d8eb1e-3259-baa2-fcb3-4eb36390bd2c}"
EndProject
Project("{FAE04EC0-301F-11D3-BF4B-00C04F79EFBC}") = "UnityEditor.SpatialTracking", "UnityEditor.SpatialTracking.csproj", "{1fb89234-4c00-838c-fef3-f07c5f0b28f4}"
EndProject
Project("{FAE04EC0-301F-11D3-BF4B-00C04F79EFBC}") = "Assembly-CSharp-Editor-firstpass", "Assembly-CSharp-Editor-firstpass.csproj", "{5315b0b6-5ef3-3d3d-b471-5d9d291dd9e6}"
EndProject
Project("{FAE04EC0-301F-11D3-BF4B-00C04F79EFBC}") = "Unity.Sysroot.Linux_x86_64", "Unity.Sysroot.Linux_x86_64.csproj", "{2d164e29-f946-78c2-be31-9e6a22a41909}"
EndProject
Project("{FAE04EC0-301F-11D3-BF4B-00C04F79EFBC}") = "Analytics", "Analytics.csproj", "{95f9f608-f205-436d-2adf-2c9beed086dd}"
EndProject
Global
	GlobalSection(SolutionConfigurationPlatforms) = preSolution
		Debug|Any CPU = Debug|Any CPU
	EndGlobalSection
	GlobalSection(ProjectConfigurationPlatforms) = postSolution
		{9c2320cc-10c5-7ce5-6c81-57ac65c020e5}.Debug|Any CPU.ActiveCfg = Debug|Any CPU
		{9c2320cc-10c5-7ce5-6c81-57ac65c020e5}.Debug|Any CPU.Build.0 = Debug|Any CPU
		{446c6d74-7dba-a993-d620-a930fd21a6b2}.Debug|Any CPU.ActiveCfg = Debug|Any CPU
		{446c6d74-7dba-a993-d620-a930fd21a6b2}.Debug|Any CPU.Build.0 = Debug|Any CPU
		{cd922189-a390-42e9-8b10-a2af5d7d247c}.Debug|Any CPU.ActiveCfg = Debug|Any CPU
		{cd922189-a390-42e9-8b10-a2af5d7d247c}.Debug|Any CPU.Build.0 = Debug|Any CPU
		{343f74e9-67db-82b4-1133-4e6cee0e5146}.Debug|Any CPU.ActiveCfg = Debug|Any CPU
		{343f74e9-67db-82b4-1133-4e6cee0e5146}.Debug|Any CPU.Build.0 = Debug|Any CPU
		{d0bee0ab-e1b1-5a58-708e-3972d05a5388}.Debug|Any CPU.ActiveCfg = Debug|Any CPU
		{d0bee0ab-e1b1-5a58-708e-3972d05a5388}.Debug|Any CPU.Build.0 = Debug|Any CPU
		{4c5a5ad9-601e-375a-f900-19f6d5c7b4de}.Debug|Any CPU.ActiveCfg = Debug|Any CPU
		{4c5a5ad9-601e-375a-f900-19f6d5c7b4de}.Debug|Any CPU.Build.0 = Debug|Any CPU
		{8c874dd3-fb83-57af-5242-51e107ce920c}.Debug|Any CPU.ActiveCfg = Debug|Any CPU
		{8c874dd3-fb83-57af-5242-51e107ce920c}.Debug|Any CPU.Build.0 = Debug|Any CPU
		{ad2c9f9f-c79d-2f1e-c49d-166f08384baf}.Debug|Any CPU.ActiveCfg = Debug|Any CPU
		{ad2c9f9f-c79d-2f1e-c49d-166f08384baf}.Debug|Any CPU.Build.0 = Debug|Any CPU
		{6259c58d-bbb0-d2ad-bfa5-18ea731f7547}.Debug|Any CPU.ActiveCfg = Debug|Any CPU
		{6259c58d-bbb0-d2ad-bfa5-18ea731f7547}.Debug|Any CPU.Build.0 = Debug|Any CPU
		{78957865-a878-9ac4-c6f1-0ff36cdbbb72}.Debug|Any CPU.ActiveCfg = Debug|Any CPU
		{78957865-a878-9ac4-c6f1-0ff36cdbbb72}.Debug|Any CPU.Build.0 = Debug|Any CPU
		{32af6db4-81a8-92f6-241f-98d8870fd8e4}.Debug|Any CPU.ActiveCfg = Debug|Any CPU
		{32af6db4-81a8-92f6-241f-98d8870fd8e4}.Debug|Any CPU.Build.0 = Debug|Any CPU
		{b960141c-a8fd-13da-4211-ceb9fb0d3274}.Debug|Any CPU.ActiveCfg = Debug|Any CPU
		{b960141c-a8fd-13da-4211-ceb9fb0d3274}.Debug|Any CPU.Build.0 = Debug|Any CPU
		{87a1f2f8-85cb-4755-2ead-bc260e0fb6a6}.Debug|Any CPU.ActiveCfg = Debug|Any CPU
		{87a1f2f8-85cb-4755-2ead-bc260e0fb6a6}.Debug|Any CPU.Build.0 = Debug|Any CPU
		{8ad8705c-5e7d-825b-b7f5-0ef976bf6281}.Debug|Any CPU.ActiveCfg = Debug|Any CPU
		{8ad8705c-5e7d-825b-b7f5-0ef976bf6281}.Debug|Any CPU.Build.0 = Debug|Any CPU
		{f85ed1be-45ca-eff5-61fc-8ca9e21754a1}.Debug|Any CPU.ActiveCfg = Debug|Any CPU
		{f85ed1be-45ca-eff5-61fc-8ca9e21754a1}.Debug|Any CPU.Build.0 = Debug|Any CPU
		{4393c5a2-39ee-ce07-da70-1fe767a6b08a}.Debug|Any CPU.ActiveCfg = Debug|Any CPU
		{4393c5a2-39ee-ce07-da70-1fe767a6b08a}.Debug|Any CPU.Build.0 = Debug|Any CPU
		{25edaac1-90ee-4b99-8b74-d449fa0103e4}.Debug|Any CPU.ActiveCfg = Debug|Any CPU
		{25edaac1-90ee-4b99-8b74-d449fa0103e4}.Debug|Any CPU.Build.0 = Debug|Any CPU
		{97c5b88b-e207-b10a-f269-cfb8177d9a17}.Debug|Any CPU.ActiveCfg = Debug|Any CPU
		{97c5b88b-e207-b10a-f269-cfb8177d9a17}.Debug|Any CPU.Build.0 = Debug|Any CPU
		{085fbcb7-fc3e-bae3-103e-72aed105dee0}.Debug|Any CPU.ActiveCfg = Debug|Any CPU
		{085fbcb7-fc3e-bae3-103e-72aed105dee0}.Debug|Any CPU.Build.0 = Debug|Any CPU
		{28305401-f15f-a321-7176-d17af207ca5f}.Debug|Any CPU.ActiveCfg = Debug|Any CPU
		{28305401-f15f-a321-7176-d17af207ca5f}.Debug|Any CPU.Build.0 = Debug|Any CPU
		{ef0ff1cf-f261-b146-7d9c-7e44594c265b}.Debug|Any CPU.ActiveCfg = Debug|Any CPU
		{ef0ff1cf-f261-b146-7d9c-7e44594c265b}.Debug|Any CPU.Build.0 = Debug|Any CPU
		{a578557d-0f97-8947-ec00-6e98849033fc}.Debug|Any CPU.ActiveCfg = Debug|Any CPU
		{a578557d-0f97-8947-ec00-6e98849033fc}.Debug|Any CPU.Build.0 = Debug|Any CPU
		{ffff66cf-9cb8-cd0b-854f-3a5226124a20}.Debug|Any CPU.ActiveCfg = Debug|Any CPU
		{ffff66cf-9cb8-cd0b-854f-3a5226124a20}.Debug|Any CPU.Build.0 = Debug|Any CPU
		{171ac9e2-0d23-fa78-ff0b-aec7389025e1}.Debug|Any CPU.ActiveCfg = Debug|Any CPU
		{171ac9e2-0d23-fa78-ff0b-aec7389025e1}.Debug|Any CPU.Build.0 = Debug|Any CPU
		{b96cacf3-3be7-1566-4a54-f191aa911cb0}.Debug|Any CPU.ActiveCfg = Debug|Any CPU
		{b96cacf3-3be7-1566-4a54-f191aa911cb0}.Debug|Any CPU.Build.0 = Debug|Any CPU
		{deaa69ad-b1db-22c5-c637-9907e93e76bc}.Debug|Any CPU.ActiveCfg = Debug|Any CPU
		{deaa69ad-b1db-22c5-c637-9907e93e76bc}.Debug|Any CPU.Build.0 = Debug|Any CPU
		{c198eb71-fa16-2a2b-04a2-e3abb6c14af5}.Debug|Any CPU.ActiveCfg = Debug|Any CPU
		{c198eb71-fa16-2a2b-04a2-e3abb6c14af5}.Debug|Any CPU.Build.0 = Debug|Any CPU
		{fddb65b1-c557-709c-d075-e1573393c59f}.Debug|Any CPU.ActiveCfg = Debug|Any CPU
		{fddb65b1-c557-709c-d075-e1573393c59f}.Debug|Any CPU.Build.0 = Debug|Any CPU
		{dcdfb870-cd01-bf1b-2415-a73c75860970}.Debug|Any CPU.ActiveCfg = Debug|Any CPU
		{dcdfb870-cd01-bf1b-2415-a73c75860970}.Debug|Any CPU.Build.0 = Debug|Any CPU
		{43d8eb1e-3259-baa2-fcb3-4eb36390bd2c}.Debug|Any CPU.ActiveCfg = Debug|Any CPU
		{43d8eb1e-3259-baa2-fcb3-4eb36390bd2c}.Debug|Any CPU.Build.0 = Debug|Any CPU
		{1fb89234-4c00-838c-fef3-f07c5f0b28f4}.Debug|Any CPU.ActiveCfg = Debug|Any CPU
		{1fb89234-4c00-838c-fef3-f07c5f0b28f4}.Debug|Any CPU.Build.0 = Debug|Any CPU
		{5315b0b6-5ef3-3d3d-b471-5d9d291dd9e6}.Debug|Any CPU.ActiveCfg = Debug|Any CPU
		{5315b0b6-5ef3-3d3d-b471-5d9d291dd9e6}.Debug|Any CPU.Build.0 = Debug|Any CPU
		{2d164e29-f946-78c2-be31-9e6a22a41909}.Debug|Any CPU.ActiveCfg = Debug|Any CPU
		{2d164e29-f946-78c2-be31-9e6a22a41909}.Debug|Any CPU.Build.0 = Debug|Any CPU
		{95f9f608-f205-436d-2adf-2c9beed086dd}.Debug|Any CPU.ActiveCfg = Debug|Any CPU
		{95f9f608-f205-436d-2adf-2c9beed086dd}.Debug|Any CPU.Build.0 = Debug|Any CPU
	EndGlobalSection
	GlobalSection(SolutionProperties) = preSolution
		HideSolutionNode = FALSE
	EndGlobalSection
EndGlobal
